{
  "name": "FighterDDA_Frontend",
  "lockfileVersion": 3,
  "requires": true,
  "packages": {
    "": {
      "dependencies": {
        "phaser": "^3.90.0",
        "phaser-ui-tools": "^2.0.0-beta"
      }
    },
    "node_modules/eventemitter3": {
      "version": "5.0.1",
      "resolved": "https://registry.npmjs.org/eventemitter3/-/eventemitter3-5.0.1.tgz",
      "integrity": "sha512-GWkBvjiSZK87ELrYOSESUYeVIc9mvLLf/nXalMOS5dYrgZq9o5OVkbZAVM06CVxYsCwH9BDZFPlQTlPA1j4ahA==",
      "license": "MIT"
    },
    "node_modules/phaser": {
      "version": "3.90.0",
      "resolved": "https://registry.npmjs.org/phaser/-/phaser-3.90.0.tgz",
      "integrity": "sha512-/cziz/5ZIn02uDkC9RzN8VF9x3Gs3XdFFf9nkiMEQT3p7hQlWuyjy4QWosU802qqno2YSLn2BfqwOKLv/sSVfQ==",
      "license": "MIT",
      "dependencies": {
        "eventemitter3": "^5.0.1"
      }
    },
    "node_modules/phaser-ce": {
      "version": "2.10.3",
      "resolved": "https://registry.npmjs.org/phaser-ce/-/phaser-ce-2.10.3.tgz",
      "integrity": "sha512-aPwA6qwXHCv17ETDbi0gDnz65/LTqLWvWTNFSl+k8t0UExg9xXj7pIY0KsQ6ItetclyOeFbhGMlYMo+phdGhyA==",
      "peer": true
    },
    "node_modules/phaser-ui-tools": {
      "version": "2.0.0-beta",
      "resolved": "https://registry.npmjs.org/phaser-ui-tools/-/phaser-ui-tools-2.0.0-beta.tgz",
      "integrity": "sha512-QvASkbUVMEwBnFmXe/zy1gNACqr5vGt3glUgCpjU6FkxkRlS/lOvsoWJld6y/4budhYynE9xkIYWQy+JlBZPgQ==",
      "dependencies": {
        "eventemitter3": "^4.0.0"
      },
      "peerDependencies": {
        "phaser-ce": "2.10.3"
      }
    },
    "node_modules/phaser-ui-tools/node_modules/eventemitter3": {
      "version": "4.0.7",
      "resolved": "https://registry.npmjs.org/eventemitter3/-/eventemitter3-4.0.7.tgz",
      "integrity": "sha512-8guHBZCwKnFhYdHr2ysuRWErTwhoN2X8XELRlrRwpmfeY2jjuUN4taQMsULKUVo1K4DvZl+0pgfyoysHxvmvEw=="
    }
  }
}
